<Solution>
  <Project Path="Mystore/Mystore.Droid/Mystore.Droid.csproj">
    <Deploy />
  </Project>
  <Project Path="Mystore/Mystore.WinUI/Mystore.WinUI.csproj">
    <Platform Project="x64" />
  </Project>
  <Project Path="Mystore/Mystore/Mystore.csproj" />
  <Project Path="MyStoreData/MyStoreData.csproj" Id="582d0f5a-bd84-4afa-9db2-5357de561ff7" />
</Solution>
